
Microsoft Visual Studio Solution File, Format Version 12.00
# Visual Studio Version 17
VisualStudioVersion = 17.14.36109.1
MinimumVisualStudioVersion = 10.0.40219.1
Project("{2150E333-8FDC-42A3-9474-1A3956D46DE8}") = "Services", "Services", "{02EA681E-C7D8-13C7-8484-4AC65E1B71E8}"
EndProject
Project("{2150E333-8FDC-42A3-9474-1A3956D46DE8}") = "Cadastros", "Cadastros", "{A3872F87-4588-4B29-808E-7E448BC3DCAB}"
EndProject
Project("{2150E333-8FDC-42A3-9474-1A3956D46DE8}") = "Tests", "Tests", "{48C716A0-71B3-4791-AF2A-FC319D3DB825}"
EndProject
Project("{FAE04EC0-301F-11D3-BF4B-00C04F79EFBC}") = "PlataformaEducacao.Cadastros.Domain.Tests", "tests\PlataformaEducacao.Cadastros.Domain.Tests\PlataformaEducacao.Cadastros.Domain.Tests.csproj", "{E7EFA67D-F27D-4DFC-91FE-C1A6C0D1222E}"
EndProject
Project("{FAE04EC0-301F-11D3-BF4B-00C04F79EFBC}") = "PlataformaEducacao.Cadastros.Domain", "src\PlataformaEducacao.Cadastros.Domain\PlataformaEducacao.Cadastros.Domain.csproj", "{74A4A17A-9320-44DF-8EAC-850BC80B9A74}"
EndProject
Project("{FAE04EC0-301F-11D3-BF4B-00C04F79EFBC}") = "PlataformaEducacao.Cadastros.Application.Tests", "tests\PlataformaEducacao.Cadastros.Application.Tests\PlataformaEducacao.Cadastros.Application.Tests.csproj", "{A371F276-2984-4A84-AC9C-D195236AE8B9}"
EndProject
Project("{FAE04EC0-301F-11D3-BF4B-00C04F79EFBC}") = "PlataformaEducacao.Cadastros.Application", "src\PlataformaEducacao.Cadastros.Application\PlataformaEducacao.Cadastros.Application.csproj", "{386C6152-8AF4-42E3-81E7-4F1C2C4AAE2D}"
EndProject
Project("{2150E333-8FDC-42A3-9474-1A3956D46DE8}") = "Core", "Core", "{F246E7F5-3B0B-42D6-B348-DBF3D9764EBA}"
EndProject
Project("{FAE04EC0-301F-11D3-BF4B-00C04F79EFBC}") = "PlataformaEducacao.Core", "src\PlataformaEducacao.Core\PlataformaEducacao.Core.csproj", "{46C24706-6587-4532-AC34-4F5F1F649971}"
EndProject
Project("{FAE04EC0-301F-11D3-BF4B-00C04F79EFBC}") = "PlataformaEducacao.Cadastros.Data", "src\PlataformaEducacao.Cadastros.Data\PlataformaEducacao.Cadastros.Data.csproj", "{73E472EC-3443-43DA-B93B-A3A04E6E2526}"
EndProject
Project("{2150E333-8FDC-42A3-9474-1A3956D46DE8}") = "WebApps", "WebApps", "{C19FC949-31CC-4A90-9B01-204548A7F023}"
EndProject
Project("{2150E333-8FDC-42A3-9474-1A3956D46DE8}") = "Tests", "Tests", "{E4AD6396-633F-42CE-97EE-824CC6A7C7AA}"
EndProject
Project("{FAE04EC0-301F-11D3-BF4B-00C04F79EFBC}") = "PlataformaEducacao.WebApps.Tests", "tests\PlataformaEducacao.WebApps.Tests\PlataformaEducacao.WebApps.Tests.csproj", "{CE8D79E0-5DC2-4880-8F9A-590FEDB978C8}"
EndProject
Project("{FAE04EC0-301F-11D3-BF4B-00C04F79EFBC}") = "PlataformaEducacao.WebApps.WebApi", "src\PlataformaEducacao.WebApps.WebApi\PlataformaEducacao.WebApps.WebApi.csproj", "{DFB9277E-465F-4F77-A2D3-FF6DE02779B1}"
EndProject
Project("{2150E333-8FDC-42A3-9474-1A3956D46DE8}") = "Gestao", "Gestao", "{E19931AD-0DE3-4348-82DC-C494575D53D7}"
EndProject
Project("{2150E333-8FDC-42A3-9474-1A3956D46DE8}") = "Tests", "Tests", "{B33AAF07-7944-40C6-9467-8A21E0E7FF62}"
EndProject
Project("{FAE04EC0-301F-11D3-BF4B-00C04F79EFBC}") = "PlataformaEducacao.Gestao.Domain.Tests", "tests\PlataformaEducacao.Gestao.Domain.Tests\PlataformaEducacao.Gestao.Domain.Tests.csproj", "{141370D4-8993-49C6-8209-8409E471F029}"
EndProject
Project("{FAE04EC0-301F-11D3-BF4B-00C04F79EFBC}") = "PlataformaEducacao.Gestao.Domain", "src\PlataformaEducacao.Gestao.Domain\PlataformaEducacao.Gestao.Domain.csproj", "{5464AE52-6608-485D-B455-5403800A35F6}"
EndProject
Project("{FAE04EC0-301F-11D3-BF4B-00C04F79EFBC}") = "PlataformaEducacao.Gestao.Application", "src\PlataformaEducacao.Gestao.Application\PlataformaEducacao.Gestao.Application.csproj", "{0DA8DF46-1BDF-4414-90E0-245A5D863A42}"
EndProject
Project("{FAE04EC0-301F-11D3-BF4B-00C04F79EFBC}") = "PlataformaEducacao.Gestao.Data", "src\PlataformaEducacao.Gestao.Data\PlataformaEducacao.Gestao.Data.csproj", "{3DE467D6-D505-43DA-83D1-45E4B0C046C8}"
EndProject
Project("{FAE04EC0-301F-11D3-BF4B-00C04F79EFBC}") = "PlataformaEducacao.Gestao.Application.Tests", "tests\PlataformaEducacao.Gestao.Application.Tests\PlataformaEducacao.Gestao.Application.Tests.csproj", "{FF0138ED-6955-49D7-B347-C6F01A032E03}"
EndProject
Project("{2150E333-8FDC-42A3-9474-1A3956D46DE8}") = "Pagamentos", "Pagamentos", "{A7C970D1-99D7-4D0D-BF0F-013E7624968A}"
EndProject
Project("{FAE04EC0-301F-11D3-BF4B-00C04F79EFBC}") = "PlataformaEducacao.Pagamentos.Data", "src\PlataformaEducacao.Pagamentos.Data\PlataformaEducacao.Pagamentos.Data.csproj", "{32286716-FB6B-7505-7BCA-D853298302E0}"
EndProject
Project("{FAE04EC0-301F-11D3-BF4B-00C04F79EFBC}") = "PlataformaEducacao.Pagamentos.Business", "src\PlataformaEducacao.Pagamentos.Business\PlataformaEducacao.Pagamentos.Business.csproj", "{275D5553-693E-BE88-E70B-194CA50CAD03}"
EndProject
Project("{FAE04EC0-301F-11D3-BF4B-00C04F79EFBC}") = "PlataformaEducacao.Pagamentos.AntiCorruption", "src\PlataformaEducacao.Pagamentos.AntiCorruption\PlataformaEducacao.Pagamentos.AntiCorruption.csproj", "{D5D776D9-AC52-AA65-D9E3-E5B0D439BEE8}"
EndProject
Project("{2150E333-8FDC-42A3-9474-1A3956D46DE8}") = "BuildingBlocks", "BuildingBlocks", "{066A29FB-53B0-45D4-8E6E-E3963A323CE4}"
EndProject
Project("{FAE04EC0-301F-11D3-BF4B-00C04F79EFBC}") = "EventSourcing", "src\EventSourcing\EventSourcing.csproj", "{E7476702-2F7D-419B-B347-9AF9A82A7C0E}"
EndProject
Global
	GlobalSection(SolutionConfigurationPlatforms) = preSolution
		Debug|Any CPU = Debug|Any CPU
		Release|Any CPU = Release|Any CPU
	EndGlobalSection
	GlobalSection(ProjectConfigurationPlatforms) = postSolution
		{E7EFA67D-F27D-4DFC-91FE-C1A6C0D1222E}.Debug|Any CPU.ActiveCfg = Debug|Any CPU
		{E7EFA67D-F27D-4DFC-91FE-C1A6C0D1222E}.Debug|Any CPU.Build.0 = Debug|Any CPU
		{E7EFA67D-F27D-4DFC-91FE-C1A6C0D1222E}.Release|Any CPU.ActiveCfg = Release|Any CPU
		{E7EFA67D-F27D-4DFC-91FE-C1A6C0D1222E}.Release|Any CPU.Build.0 = Release|Any CPU
		{74A4A17A-9320-44DF-8EAC-850BC80B9A74}.Debug|Any CPU.ActiveCfg = Debug|Any CPU
		{74A4A17A-9320-44DF-8EAC-850BC80B9A74}.Debug|Any CPU.Build.0 = Debug|Any CPU
		{74A4A17A-9320-44DF-8EAC-850BC80B9A74}.Release|Any CPU.ActiveCfg = Release|Any CPU
		{74A4A17A-9320-44DF-8EAC-850BC80B9A74}.Release|Any CPU.Build.0 = Release|Any CPU
		{A371F276-2984-4A84-AC9C-D195236AE8B9}.Debug|Any CPU.ActiveCfg = Debug|Any CPU
		{A371F276-2984-4A84-AC9C-D195236AE8B9}.Debug|Any CPU.Build.0 = Debug|Any CPU
		{A371F276-2984-4A84-AC9C-D195236AE8B9}.Release|Any CPU.ActiveCfg = Release|Any CPU
		{A371F276-2984-4A84-AC9C-D195236AE8B9}.Release|Any CPU.Build.0 = Release|Any CPU
		{386C6152-8AF4-42E3-81E7-4F1C2C4AAE2D}.Debug|Any CPU.ActiveCfg = Debug|Any CPU
		{386C6152-8AF4-42E3-81E7-4F1C2C4AAE2D}.Debug|Any CPU.Build.0 = Debug|Any CPU
		{386C6152-8AF4-42E3-81E7-4F1C2C4AAE2D}.Release|Any CPU.ActiveCfg = Release|Any CPU
		{386C6152-8AF4-42E3-81E7-4F1C2C4AAE2D}.Release|Any CPU.Build.0 = Release|Any CPU
		{46C24706-6587-4532-AC34-4F5F1F649971}.Debug|Any CPU.ActiveCfg = Debug|Any CPU
		{46C24706-6587-4532-AC34-4F5F1F649971}.Debug|Any CPU.Build.0 = Debug|Any CPU
		{46C24706-6587-4532-AC34-4F5F1F649971}.Release|Any CPU.ActiveCfg = Release|Any CPU
		{46C24706-6587-4532-AC34-4F5F1F649971}.Release|Any CPU.Build.0 = Release|Any CPU
		{73E472EC-3443-43DA-B93B-A3A04E6E2526}.Debug|Any CPU.ActiveCfg = Debug|Any CPU
		{73E472EC-3443-43DA-B93B-A3A04E6E2526}.Debug|Any CPU.Build.0 = Debug|Any CPU
		{73E472EC-3443-43DA-B93B-A3A04E6E2526}.Release|Any CPU.ActiveCfg = Release|Any CPU
		{73E472EC-3443-43DA-B93B-A3A04E6E2526}.Release|Any CPU.Build.0 = Release|Any CPU
		{CE8D79E0-5DC2-4880-8F9A-590FEDB978C8}.Debug|Any CPU.ActiveCfg = Debug|Any CPU
		{CE8D79E0-5DC2-4880-8F9A-590FEDB978C8}.Debug|Any CPU.Build.0 = Debug|Any CPU
		{CE8D79E0-5DC2-4880-8F9A-590FEDB978C8}.Release|Any CPU.ActiveCfg = Release|Any CPU
		{CE8D79E0-5DC2-4880-8F9A-590FEDB978C8}.Release|Any CPU.Build.0 = Release|Any CPU
		{DFB9277E-465F-4F77-A2D3-FF6DE02779B1}.Debug|Any CPU.ActiveCfg = Debug|Any CPU
		{DFB9277E-465F-4F77-A2D3-FF6DE02779B1}.Debug|Any CPU.Build.0 = Debug|Any CPU
		{DFB9277E-465F-4F77-A2D3-FF6DE02779B1}.Release|Any CPU.ActiveCfg = Release|Any CPU
		{DFB9277E-465F-4F77-A2D3-FF6DE02779B1}.Release|Any CPU.Build.0 = Release|Any CPU
		{141370D4-8993-49C6-8209-8409E471F029}.Debug|Any CPU.ActiveCfg = Debug|Any CPU
		{141370D4-8993-49C6-8209-8409E471F029}.Debug|Any CPU.Build.0 = Debug|Any CPU
		{141370D4-8993-49C6-8209-8409E471F029}.Release|Any CPU.ActiveCfg = Release|Any CPU
		{141370D4-8993-49C6-8209-8409E471F029}.Release|Any CPU.Build.0 = Release|Any CPU
		{5464AE52-6608-485D-B455-5403800A35F6}.Debug|Any CPU.ActiveCfg = Debug|Any CPU
		{5464AE52-6608-485D-B455-5403800A35F6}.Debug|Any CPU.Build.0 = Debug|Any CPU
		{5464AE52-6608-485D-B455-5403800A35F6}.Release|Any CPU.ActiveCfg = Release|Any CPU
		{5464AE52-6608-485D-B455-5403800A35F6}.Release|Any CPU.Build.0 = Release|Any CPU
		{0DA8DF46-1BDF-4414-90E0-245A5D863A42}.Debug|Any CPU.ActiveCfg = Debug|Any CPU
		{0DA8DF46-1BDF-4414-90E0-245A5D863A42}.Debug|Any CPU.Build.0 = Debug|Any CPU
		{0DA8DF46-1BDF-4414-90E0-245A5D863A42}.Release|Any CPU.ActiveCfg = Release|Any CPU
		{0DA8DF46-1BDF-4414-90E0-245A5D863A42}.Release|Any CPU.Build.0 = Release|Any CPU
		{3DE467D6-D505-43DA-83D1-45E4B0C046C8}.Debug|Any CPU.ActiveCfg = Debug|Any CPU
		{3DE467D6-D505-43DA-83D1-45E4B0C046C8}.Debug|Any CPU.Build.0 = Debug|Any CPU
		{3DE467D6-D505-43DA-83D1-45E4B0C046C8}.Release|Any CPU.ActiveCfg = Release|Any CPU
		{3DE467D6-D505-43DA-83D1-45E4B0C046C8}.Release|Any CPU.Build.0 = Release|Any CPU
		{FF0138ED-6955-49D7-B347-C6F01A032E03}.Debug|Any CPU.ActiveCfg = Debug|Any CPU
		{FF0138ED-6955-49D7-B347-C6F01A032E03}.Debug|Any CPU.Build.0 = Debug|Any CPU
		{FF0138ED-6955-49D7-B347-C6F01A032E03}.Release|Any CPU.ActiveCfg = Release|Any CPU
		{FF0138ED-6955-49D7-B347-C6F01A032E03}.Release|Any CPU.Build.0 = Release|Any CPU
		{32286716-FB6B-7505-7BCA-D853298302E0}.Debug|Any CPU.ActiveCfg = Debug|Any CPU
		{32286716-FB6B-7505-7BCA-D853298302E0}.Debug|Any CPU.Build.0 = Debug|Any CPU
		{32286716-FB6B-7505-7BCA-D853298302E0}.Release|Any CPU.ActiveCfg = Release|Any CPU
		{32286716-FB6B-7505-7BCA-D853298302E0}.Release|Any CPU.Build.0 = Release|Any CPU
		{275D5553-693E-BE88-E70B-194CA50CAD03}.Debug|Any CPU.ActiveCfg = Debug|Any CPU
		{275D5553-693E-BE88-E70B-194CA50CAD03}.Debug|Any CPU.Build.0 = Debug|Any CPU
		{275D5553-693E-BE88-E70B-194CA50CAD03}.Release|Any CPU.ActiveCfg = Release|Any CPU
		{275D5553-693E-BE88-E70B-194CA50CAD03}.Release|Any CPU.Build.0 = Release|Any CPU
		{D5D776D9-AC52-AA65-D9E3-E5B0D439BEE8}.Debug|Any CPU.ActiveCfg = Debug|Any CPU
		{D5D776D9-AC52-AA65-D9E3-E5B0D439BEE8}.Debug|Any CPU.Build.0 = Debug|Any CPU
		{D5D776D9-AC52-AA65-D9E3-E5B0D439BEE8}.Release|Any CPU.ActiveCfg = Release|Any CPU
		{D5D776D9-AC52-AA65-D9E3-E5B0D439BEE8}.Release|Any CPU.Build.0 = Release|Any CPU
		{E7476702-2F7D-419B-B347-9AF9A82A7C0E}.Debug|Any CPU.ActiveCfg = Debug|Any CPU
		{E7476702-2F7D-419B-B347-9AF9A82A7C0E}.Debug|Any CPU.Build.0 = Debug|Any CPU
		{E7476702-2F7D-419B-B347-9AF9A82A7C0E}.Release|Any CPU.ActiveCfg = Release|Any CPU
		{E7476702-2F7D-419B-B347-9AF9A82A7C0E}.Release|Any CPU.Build.0 = Release|Any CPU
	EndGlobalSection
	GlobalSection(SolutionProperties) = preSolution
		HideSolutionNode = FALSE
	EndGlobalSection
	GlobalSection(NestedProjects) = preSolution
		{A3872F87-4588-4B29-808E-7E448BC3DCAB} = {02EA681E-C7D8-13C7-8484-4AC65E1B71E8}
		{48C716A0-71B3-4791-AF2A-FC319D3DB825} = {A3872F87-4588-4B29-808E-7E448BC3DCAB}
		{E7EFA67D-F27D-4DFC-91FE-C1A6C0D1222E} = {48C716A0-71B3-4791-AF2A-FC319D3DB825}
		{74A4A17A-9320-44DF-8EAC-850BC80B9A74} = {A3872F87-4588-4B29-808E-7E448BC3DCAB}
		{A371F276-2984-4A84-AC9C-D195236AE8B9} = {48C716A0-71B3-4791-AF2A-FC319D3DB825}
		{386C6152-8AF4-42E3-81E7-4F1C2C4AAE2D} = {A3872F87-4588-4B29-808E-7E448BC3DCAB}
		{F246E7F5-3B0B-42D6-B348-DBF3D9764EBA} = {02EA681E-C7D8-13C7-8484-4AC65E1B71E8}
		{46C24706-6587-4532-AC34-4F5F1F649971} = {F246E7F5-3B0B-42D6-B348-DBF3D9764EBA}
		{73E472EC-3443-43DA-B93B-A3A04E6E2526} = {A3872F87-4588-4B29-808E-7E448BC3DCAB}
		{E4AD6396-633F-42CE-97EE-824CC6A7C7AA} = {C19FC949-31CC-4A90-9B01-204548A7F023}
		{CE8D79E0-5DC2-4880-8F9A-590FEDB978C8} = {E4AD6396-633F-42CE-97EE-824CC6A7C7AA}
		{DFB9277E-465F-4F77-A2D3-FF6DE02779B1} = {C19FC949-31CC-4A90-9B01-204548A7F023}
		{E19931AD-0DE3-4348-82DC-C494575D53D7} = {02EA681E-C7D8-13C7-8484-4AC65E1B71E8}
		{B33AAF07-7944-40C6-9467-8A21E0E7FF62} = {E19931AD-0DE3-4348-82DC-C494575D53D7}
		{141370D4-8993-49C6-8209-8409E471F029} = {B33AAF07-7944-40C6-9467-8A21E0E7FF62}
		{5464AE52-6608-485D-B455-5403800A35F6} = {E19931AD-0DE3-4348-82DC-C494575D53D7}
		{0DA8DF46-1BDF-4414-90E0-245A5D863A42} = {E19931AD-0DE3-4348-82DC-C494575D53D7}
		{3DE467D6-D505-43DA-83D1-45E4B0C046C8} = {E19931AD-0DE3-4348-82DC-C494575D53D7}
		{FF0138ED-6955-49D7-B347-C6F01A032E03} = {B33AAF07-7944-40C6-9467-8A21E0E7FF62}
		{A7C970D1-99D7-4D0D-BF0F-013E7624968A} = {02EA681E-C7D8-13C7-8484-4AC65E1B71E8}
		{32286716-FB6B-7505-7BCA-D853298302E0} = {A7C970D1-99D7-4D0D-BF0F-013E7624968A}
		{275D5553-693E-BE88-E70B-194CA50CAD03} = {A7C970D1-99D7-4D0D-BF0F-013E7624968A}
		{D5D776D9-AC52-AA65-D9E3-E5B0D439BEE8} = {A7C970D1-99D7-4D0D-BF0F-013E7624968A}
		{E7476702-2F7D-419B-B347-9AF9A82A7C0E} = {066A29FB-53B0-45D4-8E6E-E3963A323CE4}
	EndGlobalSection
	GlobalSection(ExtensibilityGlobals) = postSolution
		SolutionGuid = {25F749D4-EB33-4BDE-B78D-AD44F392DB38}
	EndGlobalSection
EndGlobal
